// !$*UTF8*$!
{
	archiveVersion = 1;
	classes = {
	};
	objectVersion = 46;
	objects = {

/* Begin PBXBuildFile section */
		155D93511DC89E2F00D3A72B /* AppDelegate.swift in Sources */ = {isa = PBXBuildFile; fileRef = 155D93501DC89E2F00D3A72B /* AppDelegate.swift */; };
		155D93531DC89E2F00D3A72B /* ViewController.swift in Sources */ = {isa = PBXBuildFile; fileRef = 155D93521DC89E2F00D3A72B /* ViewController.swift */; };
		155D93561DC89E2F00D3A72B /* Main.storyboard in Resources */ = {isa = PBXBuildFile; fileRef = 155D93541DC89E2F00D3A72B /* Main.storyboard */; };
		155D93581DC89E2F00D3A72B /* Assets.xcassets in Resources */ = {isa = PBXBuildFile; fileRef = 155D93571DC89E2F00D3A72B /* Assets.xcassets */; };
		155D935B1DC89E2F00D3A72B /* LaunchScreen.storyboard in Resources */ = {isa = PBXBuildFile; fileRef = 155D93591DC89E2F00D3A72B /* LaunchScreen.storyboard */; };
		1577E8B71DD030090094F74C /* MainViewController.swift in Sources */ = {isa = PBXBuildFile; fileRef = 1577E8B61DD030090094F74C /* MainViewController.swift */; };
		1577E8B91DD032EA0094F74C /* HomeViewController.swift in Sources */ = {isa = PBXBuildFile; fileRef = 1577E8B81DD032EA0094F74C /* HomeViewController.swift */; };
		1577E8BC1DD059240094F74C /* UIBarButton-Extension.swift in Sources */ = {isa = PBXBuildFile; fileRef = 1577E8BB1DD059240094F74C /* UIBarButton-Extension.swift */; };
		1577E8BE1DD05FAA0094F74C /* PageTitleView.swift in Sources */ = {isa = PBXBuildFile; fileRef = 1577E8BD1DD05FAA0094F74C /* PageTitleView.swift */; };
		1577E8C01DD0604F0094F74C /* Common.swift in Sources */ = {isa = PBXBuildFile; fileRef = 1577E8BF1DD0604F0094F74C /* Common.swift */; };
		1583F0C41DD02E0700859ED2 /* Home.storyboard in Resources */ = {isa = PBXBuildFile; fileRef = 1583F0C21DD02E0700859ED2 /* Home.storyboard */; };
		1583F0C61DD02E4800859ED2 /* Live.storyboard in Resources */ = {isa = PBXBuildFile; fileRef = 1583F0C51DD02E4800859ED2 /* Live.storyboard */; };
		1583F0C91DD02E6C00859ED2 /* Follow.storyboard in Resources */ = {isa = PBXBuildFile; fileRef = 1583F0C71DD02E6C00859ED2 /* Follow.storyboard */; };
		1583F0CB1DD02E8400859ED2 /* Profile.storyboard in Resources */ = {isa = PBXBuildFile; fileRef = 1583F0CA1DD02E8400859ED2 /* Profile.storyboard */; };
/* End PBXBuildFile section */

/* Begin PBXFileReference section */
		155D934D1DC89E2F00D3A72B /* LYQdyzb.app */ = {isa = PBXFileReference; explicitFileType = wrapper.application; includeInIndex = 0; path = LYQdyzb.app; sourceTree = BUILT_PRODUCTS_DIR; };
		155D93501DC89E2F00D3A72B /* AppDelegate.swift */ = {isa = PBXFileReference; lastKnownFileType = sourcecode.swift; path = AppDelegate.swift; sourceTree = "<group>"; };
		155D93521DC89E2F00D3A72B /* ViewController.swift */ = {isa = PBXFileReference; lastKnownFileType = sourcecode.swift; path = ViewController.swift; sourceTree = "<group>"; };
		155D93551DC89E2F00D3A72B /* Base */ = {isa = PBXFileReference; lastKnownFileType = file.storyboard; name = Base; path = Base.lproj/Main.storyboard; sourceTree = "<group>"; };
		155D93571DC89E2F00D3A72B /* Assets.xcassets */ = {isa = PBXFileReference; lastKnownFileType = folder.assetcatalog; path = Assets.xcassets; sourceTree = "<group>"; };
		155D935A1DC89E2F00D3A72B /* Base */ = {isa = PBXFileReference; lastKnownFileType = file.storyboard; name = Base; path = Base.lproj/LaunchScreen.storyboard; sourceTree = "<group>"; };
		155D935C1DC89E2F00D3A72B /* Info.plist */ = {isa = PBXFileReference; lastKnownFileType = text.plist.xml; path = Info.plist; sourceTree = "<group>"; };
		1577E8B61DD030090094F74C /* MainViewController.swift */ = {isa = PBXFileReference; fileEncoding = 4; lastKnownFileType = sourcecode.swift; path = MainViewController.swift; sourceTree = "<group>"; };
		1577E8B81DD032EA0094F74C /* HomeViewController.swift */ = {isa = PBXFileReference; fileEncoding = 4; lastKnownFileType = sourcecode.swift; path = HomeViewController.swift; sourceTree = "<group>"; };
		1577E8BB1DD059240094F74C /* UIBarButton-Extension.swift */ = {isa = PBXFileReference; fileEncoding = 4; lastKnownFileType = sourcecode.swift; path = "UIBarButton-Extension.swift"; sourceTree = "<group>"; };
		1577E8BD1DD05FAA0094F74C /* PageTitleView.swift */ = {isa = PBXFileReference; fileEncoding = 4; lastKnownFileType = sourcecode.swift; path = PageTitleView.swift; sourceTree = "<group>"; };
		1577E8BF1DD0604F0094F74C /* Common.swift */ = {isa = PBXFileReference; fileEncoding = 4; lastKnownFileType = sourcecode.swift; path = Common.swift; sourceTree = "<group>"; };
		1583F0C31DD02E0700859ED2 /* Base */ = {isa = PBXFileReference; lastKnownFileType = file.storyboard; name = Base; path = Base.lproj/Home.storyboard; sourceTree = "<group>"; };
		1583F0C51DD02E4800859ED2 /* Live.storyboard */ = {isa = PBXFileReference; fileEncoding = 4; lastKnownFileType = file.storyboard; name = Live.storyboard; path = ../../../Live.storyboard; sourceTree = "<group>"; };
		1583F0C81DD02E6C00859ED2 /* Base */ = {isa = PBXFileReference; lastKnownFileType = file.storyboard; name = Base; path = Base.lproj/Follow.storyboard; sourceTree = "<group>"; };
		1583F0CA1DD02E8400859ED2 /* Profile.storyboard */ = {isa = PBXFileReference; fileEncoding = 4; lastKnownFileType = file.storyboard; name = Profile.storyboard; path = ../../../Profile.storyboard; sourceTree = "<group>"; };
/* End PBXFileReference section */

/* Begin PBXFrameworksBuildPhase section */
		155D934A1DC89E2F00D3A72B /* Frameworks */ = {
			isa = PBXFrameworksBuildPhase;
			buildActionMask = 2147483647;
			files = (
			);
			runOnlyForDeploymentPostprocessing = 0;
		};
/* End PBXFrameworksBuildPhase section */

/* Begin PBXGroup section */
		155D93441DC89E2E00D3A72B = {
			isa = PBXGroup;
			children = (
				155D934F1DC89E2F00D3A72B /* LYQdyzb */,
				155D934E1DC89E2F00D3A72B /* Products */,
			);
			sourceTree = "<group>";
		};
		155D934E1DC89E2F00D3A72B /* Products */ = {
			isa = PBXGroup;
			children = (
				155D934D1DC89E2F00D3A72B /* LYQdyzb.app */,
			);
			name = Products;
			sourceTree = "<group>";
		};
		155D934F1DC89E2F00D3A72B /* LYQdyzb */ = {
			isa = PBXGroup;
			children = (
				1580A82E1DC9C57400415046 /* Classes */,
				155D93501DC89E2F00D3A72B /* AppDelegate.swift */,
				155D93521DC89E2F00D3A72B /* ViewController.swift */,
				155D93571DC89E2F00D3A72B /* Assets.xcassets */,
				155D93591DC89E2F00D3A72B /* LaunchScreen.storyboard */,
				155D935C1DC89E2F00D3A72B /* Info.plist */,
			);
			path = LYQdyzb;
			sourceTree = "<group>";
		};
		1577E8BA1DD058B80094F74C /* Extension */ = {
			isa = PBXGroup;
			children = (
				1577E8BB1DD059240094F74C /* UIBarButton-Extension.swift */,
				1577E8BF1DD0604F0094F74C /* Common.swift */,
			);
			path = Extension;
			sourceTree = "<group>";
		};
		1580A82E1DC9C57400415046 /* Classes */ = {
			isa = PBXGroup;
			children = (
				1580A8341DC9C57400415046 /* Main */,
				1580A82F1DC9C57400415046 /* Home */,
				1583F0B81DD028C900859ED2 /* Live */,
				1583F0B31DD028C900859ED2 /* Follow */,
				1583F0BD1DD028C900859ED2 /* Profile */,
				1580A83A1DC9C57400415046 /* Tools */,
			);
			path = Classes;
			sourceTree = "<group>";
		};
		1580A82F1DC9C57400415046 /* Home */ = {
			isa = PBXGroup;
			children = (
				1580A8301DC9C57400415046 /* Controller */,
				1580A8311DC9C57400415046 /* Model */,
				1580A8321DC9C57400415046 /* View */,
				1580A8331DC9C57400415046 /* ViewModel */,
			);
			path = Home;
			sourceTree = "<group>";
		};
		1580A8301DC9C57400415046 /* Controller */ = {
			isa = PBXGroup;
			children = (
				1583F0C21DD02E0700859ED2 /* Home.storyboard */,
				1577E8B81DD032EA0094F74C /* HomeViewController.swift */,
			);
			path = Controller;
			sourceTree = "<group>";
		};
		1580A8311DC9C57400415046 /* Model */ = {
			isa = PBXGroup;
			children = (
			);
			path = Model;
			sourceTree = "<group>";
		};
		1580A8321DC9C57400415046 /* View */ = {
			isa = PBXGroup;
			children = (
			);
			path = View;
			sourceTree = "<group>";
		};
		1580A8331DC9C57400415046 /* ViewModel */ = {
			isa = PBXGroup;
			children = (
			);
			path = ViewModel;
			sourceTree = "<group>";
		};
		1580A8341DC9C57400415046 /* Main */ = {
			isa = PBXGroup;
			children = (
				1580A8351DC9C57400415046 /* Controller */,
				1580A8361DC9C57400415046 /* Model */,
				1580A8371DC9C57400415046 /* View */,
				1580A8381DC9C57400415046 /* ViewModel */,
			);
			path = Main;
			sourceTree = "<group>";
		};
		1580A8351DC9C57400415046 /* Controller */ = {
			isa = PBXGroup;
			children = (
				155D93541DC89E2F00D3A72B /* Main.storyboard */,
				1577E8B61DD030090094F74C /* MainViewController.swift */,
			);
			path = Controller;
			sourceTree = "<group>";
		};
		1580A8361DC9C57400415046 /* Model */ = {
			isa = PBXGroup;
			children = (
			);
			path = Model;
			sourceTree = "<group>";
		};
		1580A8371DC9C57400415046 /* View */ = {
			isa = PBXGroup;
			children = (
				1577E8BD1DD05FAA0094F74C /* PageTitleView.swift */,
			);
			path = View;
			sourceTree = "<group>";
		};
		1580A8381DC9C57400415046 /* ViewModel */ = {
			isa = PBXGroup;
			children = (
			);
			path = ViewModel;
			sourceTree = "<group>";
		};
		1580A83A1DC9C57400415046 /* Tools */ = {
			isa = PBXGroup;
			children = (
				1577E8BA1DD058B80094F74C /* Extension */,
			);
			path = Tools;
			sourceTree = "<group>";
		};
		1583F0B31DD028C900859ED2 /* Follow */ = {
			isa = PBXGroup;
			children = (
				1583F0B41DD028C900859ED2 /* Controller */,
				1583F0B51DD028C900859ED2 /* Model */,
				1583F0B61DD028C900859ED2 /* View */,
				1583F0B71DD028C900859ED2 /* ViewModel */,
			);
			path = Follow;
			sourceTree = "<group>";
		};
		1583F0B41DD028C900859ED2 /* Controller */ = {
			isa = PBXGroup;
			children = (
				1583F0C71DD02E6C00859ED2 /* Follow.storyboard */,
			);
			path = Controller;
			sourceTree = "<group>";
		};
		1583F0B51DD028C900859ED2 /* Model */ = {
			isa = PBXGroup;
			children = (
			);
			path = Model;
			sourceTree = "<group>";
		};
		1583F0B61DD028C900859ED2 /* View */ = {
			isa = PBXGroup;
			children = (
			);
			path = View;
			sourceTree = "<group>";
		};
		1583F0B71DD028C900859ED2 /* ViewModel */ = {
			isa = PBXGroup;
			children = (
			);
			path = ViewModel;
			sourceTree = "<group>";
		};
		1583F0B81DD028C900859ED2 /* Live */ = {
			isa = PBXGroup;
			children = (
				1583F0B91DD028C900859ED2 /* Controller */,
				1583F0BA1DD028C900859ED2 /* Model */,
				1583F0BB1DD028C900859ED2 /* View */,
				1583F0BC1DD028C900859ED2 /* ViewModel */,
			);
			path = Live;
			sourceTree = "<group>";
		};
		1583F0B91DD028C900859ED2 /* Controller */ = {
			isa = PBXGroup;
			children = (
				1583F0C51DD02E4800859ED2 /* Live.storyboard */,
			);
			path = Controller;
			sourceTree = "<group>";
		};
		1583F0BA1DD028C900859ED2 /* Model */ = {
			isa = PBXGroup;
			children = (
			);
			path = Model;
			sourceTree = "<group>";
		};
		1583F0BB1DD028C900859ED2 /* View */ = {
			isa = PBXGroup;
			children = (
			);
			path = View;
			sourceTree = "<group>";
		};
		1583F0BC1DD028C900859ED2 /* ViewModel */ = {
			isa = PBXGroup;
			children = (
			);
			path = ViewModel;
			sourceTree = "<group>";
		};
		1583F0BD1DD028C900859ED2 /* Profile */ = {
			isa = PBXGroup;
			children = (
				1583F0BE1DD028C900859ED2 /* Controller */,
				1583F0BF1DD028C900859ED2 /* Model */,
				1583F0C01DD028C900859ED2 /* View */,
				1583F0C11DD028C900859ED2 /* ViewModel */,
			);
			path = Profile;
			sourceTree = "<group>";
		};
		1583F0BE1DD028C900859ED2 /* Controller */ = {
			isa = PBXGroup;
			children = (
				1583F0CA1DD02E8400859ED2 /* Profile.storyboard */,
			);
			path = Controller;
			sourceTree = "<group>";
		};
		1583F0BF1DD028C900859ED2 /* Model */ = {
			isa = PBXGroup;
			children = (
			);
			path = Model;
			sourceTree = "<group>";
		};
		1583F0C01DD028C900859ED2 /* View */ = {
			isa = PBXGroup;
			children = (
			);
			path = View;
			sourceTree = "<group>";
		};
		1583F0C11DD028C900859ED2 /* ViewModel */ = {
			isa = PBXGroup;
			children = (
			);
			path = ViewModel;
			sourceTree = "<group>";
		};
/* End PBXGroup section */

/* Begin PBXNativeTarget section */
		155D934C1DC89E2F00D3A72B /* LYQdyzb */ = {
			isa = PBXNativeTarget;
			buildConfigurationList = 155D935F1DC89E2F00D3A72B /* Build configuration list for PBXNativeTarget "LYQdyzb" */;
			buildPhases = (
				155D93491DC89E2F00D3A72B /* Sources */,
				155D934A1DC89E2F00D3A72B /* Frameworks */,
				155D934B1DC89E2F00D3A72B /* Resources */,
			);
			buildRules = (
			);
			dependencies = (
			);
			name = LYQdyzb;
			productName = LYQdyzb;
			productReference = 155D934D1DC89E2F00D3A72B /* LYQdyzb.app */;
			productType = "com.apple.product-type.application";
		};
/* End PBXNativeTarget section */

/* Begin PBXProject section */
		155D93451DC89E2E00D3A72B /* Project object */ = {
			isa = PBXProject;
			attributes = {
				LastSwiftUpdateCheck = 0800;
				LastUpgradeCheck = 0800;
				ORGANIZATIONNAME = "芦亚琼";
				TargetAttributes = {
					155D934C1DC89E2F00D3A72B = {
						CreatedOnToolsVersion = 8.0;
						DevelopmentTeam = 239YVJ9C8H;
						ProvisioningStyle = Automatic;
					};
				};
			};
			buildConfigurationList = 155D93481DC89E2E00D3A72B /* Build configuration list for PBXProject "LYQdyzb" */;
			compatibilityVersion = "Xcode 3.2";
			developmentRegion = English;
			hasScannedForEncodings = 0;
			knownRegions = (
				en,
				Base,
			);
			mainGroup = 155D93441DC89E2E00D3A72B;
			productRefGroup = 155D934E1DC89E2F00D3A72B /* Products */;
			projectDirPath = "";
			projectRoot = "";
			targets = (
				155D934C1DC89E2F00D3A72B /* LYQdyzb */,
			);
		};
/* End PBXProject section */

/* Begin PBXResourcesBuildPhase section */
		155D934B1DC89E2F00D3A72B /* Resources */ = {
			isa = PBXResourcesBuildPhase;
			buildActionMask = 2147483647;
			files = (
				155D935B1DC89E2F00D3A72B /* LaunchScreen.storyboard in Resources */,
				155D93581DC89E2F00D3A72B /* Assets.xcassets in Resources */,
				155D93561DC89E2F00D3A72B /* Main.storyboard in Resources */,
				1583F0C61DD02E4800859ED2 /* Live.storyboard in Resources */,
				1583F0C41DD02E0700859ED2 /* Home.storyboard in Resources */,
				1583F0CB1DD02E8400859ED2 /* Profile.storyboard in Resources */,
				1583F0C91DD02E6C00859ED2 /* Follow.storyboard in Resources */,
			);
			runOnlyForDeploymentPostprocessing = 0;
		};
/* End PBXResourcesBuildPhase section */

/* Begin PBXSourcesBuildPhase section */
		155D93491DC89E2F00D3A72B /* Sources */ = {
			isa = PBXSourcesBuildPhase;
			buildActionMask = 2147483647;
			files = (
				1577E8BE1DD05FAA0094F74C /* PageTitleView.swift in Sources */,
				1577E8B71DD030090094F74C /* MainViewController.swift in Sources */,
				155D93531DC89E2F00D3A72B /* ViewController.swift in Sources */,
				155D93511DC89E2F00D3A72B /* AppDelegate.swift in Sources */,
				1577E8BC1DD059240094F74C /* UIBarButton-Extension.swift in Sources */,
				1577E8B91DD032EA0094F74C /* HomeViewController.swift in Sources */,
				1577E8C01DD0604F0094F74C /* Common.swift in Sources */,
			);
			runOnlyForDeploymentPostprocessing = 0;
		};
/* End PBXSourcesBuildPhase section */

/* Begin PBXVariantGroup section */
		155D93541DC89E2F00D3A72B /* Main.storyboard */ = {
			isa = PBXVariantGroup;
			children = (
				155D93551DC89E2F00D3A72B /* Base */,
			);
			name = Main.storyboard;
			path = ../../..;
			sourceTree = "<group>";
		};
		155D93591DC89E2F00D3A72B /* LaunchScreen.storyboard */ = {
			isa = PBXVariantGroup;
			children = (
				155D935A1DC89E2F00D3A72B /* Base */,
			);
			name = LaunchScreen.storyboard;
			sourceTree = "<group>";
		};
		1583F0C21DD02E0700859ED2 /* Home.storyboard */ = {
			isa = PBXVariantGroup;
			children = (
				1583F0C31DD02E0700859ED2 /* Base */,
			);
			name = Home.storyboard;
			path = ../../..;
			sourceTree = "<group>";
		};
		1583F0C71DD02E6C00859ED2 /* Follow.storyboard */ = {
			isa = PBXVariantGroup;
			children = (
				1583F0C81DD02E6C00859ED2 /* Base */,
			);
			name = Follow.storyboard;
			path = ../../..;
			sourceTree = "<group>";
		};
/* End PBXVariantGroup section */

/* Begin XCBuildConfiguration section */
		155D935D1DC89E2F00D3A72B /* Debug */ = {
			isa = XCBuildConfiguration;
			buildSettings = {
				ALWAYS_SEARCH_USER_PATHS = NO;
				CLANG_ANALYZER_NONNULL = YES;
				CLANG_CXX_LANGUAGE_STANDARD = "gnu++0x";
				CLANG_CXX_LIBRARY = "libc++";
				CLANG_ENABLE_MODULES = YES;
				CLANG_ENABLE_OBJC_ARC = YES;
				CLANG_WARN_BOOL_CONVERSION = YES;
				CLANG_WARN_CONSTANT_CONVERSION = YES;
				CLANG_WARN_DIRECT_OBJC_ISA_USAGE = YES_ERROR;
				CLANG_WARN_DOCUMENTATION_COMMENTS = YES;
				CLANG_WARN_EMPTY_BODY = YES;
				CLANG_WARN_ENUM_CONVERSION = YES;
				CLANG_WARN_INFINITE_RECURSION = YES;
				CLANG_WARN_INT_CONVERSION = YES;
				CLANG_WARN_OBJC_ROOT_CLASS = YES_ERROR;
				CLANG_WARN_SUSPICIOUS_MOVES = YES;
				CLANG_WARN_UNREACHABLE_CODE = YES;
				CLANG_WARN__DUPLICATE_METHOD_MATCH = YES;
				"CODE_SIGN_IDENTITY[sdk=iphoneos*]" = "iPhone Developer";
				COPY_PHASE_STRIP = NO;
				DEBUG_INFORMATION_FORMAT = dwarf;
				ENABLE_STRICT_OBJC_MSGSEND = YES;
				ENABLE_TESTABILITY = YES;
				GCC_C_LANGUAGE_STANDARD = gnu99;
				GCC_DYNAMIC_NO_PIC = NO;
				GCC_NO_COMMON_BLOCKS = YES;
				GCC_OPTIMIZATION_LEVEL = 0;
				GCC_PREPROCESSOR_DEFINITIONS = (
					"DEBUG=1",
					"$(inherited)",
				);
				GCC_WARN_64_TO_32_BIT_CONVERSION = YES;
				GCC_WARN_ABOUT_RETURN_TYPE = YES_ERROR;
				GCC_WARN_UNDECLARED_SELECTOR = YES;
				GCC_WARN_UNINITIALIZED_AUTOS = YES_AGGRESSIVE;
				GCC_WARN_UNUSED_FUNCTION = YES;
				GCC_WARN_UNUSED_VARIABLE = YES;
				IPHONEOS_DEPLOYMENT_TARGET = 10.0;
				MTL_ENABLE_DEBUG_INFO = YES;
				ONLY_ACTIVE_ARCH = YES;
				SDKROOT = iphoneos;
				SWIFT_ACTIVE_COMPILATION_CONDITIONS = DEBUG;
				SWIFT_OPTIMIZATION_LEVEL = "-Onone";
				TARGETED_DEVICE_FAMILY = "1,2";
			};
			name = Debug;
		};
		155D935E1DC89E2F00D3A72B /* Release */ = {
			isa = XCBuildConfiguration;
			buildSettings = {
				ALWAYS_SEARCH_USER_PATHS = NO;
				CLANG_ANALYZER_NONNULL = YES;
				CLANG_CXX_LANGUAGE_STANDARD = "gnu++0x";
				CLANG_CXX_LIBRARY = "libc++";
				CLANG_ENABLE_MODULES = YES;
				CLANG_ENABLE_OBJC_ARC = YES;
				CLANG_WARN_BOOL_CONVERSION = YES;
				CLANG_WARN_CONSTANT_CONVERSION = YES;
				CLANG_WARN_DIRECT_OBJC_ISA_USAGE = YES_ERROR;
				CLANG_WARN_DOCUMENTATION_COMMENTS = YES;
				CLANG_WARN_EMPTY_BODY = YES;
				CLANG_WARN_ENUM_CONVERSION = YES;
				CLANG_WARN_INFINITE_RECURSION = YES;
				CLANG_WARN_INT_CONVERSION = YES;
				CLANG_WARN_OBJC_ROOT_CLASS = YES_ERROR;
				CLANG_WARN_SUSPICIOUS_MOVES = YES;
				CLANG_WARN_UNREACHABLE_CODE = YES;
				CLANG_WARN__DUPLICATE_METHOD_MATCH = YES;
				"CODE_SIGN_IDENTITY[sdk=iphoneos*]" = "iPhone Developer";
				COPY_PHASE_STRIP = NO;
				DEBUG_INFORMATION_FORMAT = "dwarf-with-dsym";
				ENABLE_NS_ASSERTIONS = NO;
				ENABLE_STRICT_OBJC_MSGSEND = YES;
				GCC_C_LANGUAGE_STANDARD = gnu99;
				GCC_NO_COMMON_BLOCKS = YES;
				GCC_WARN_64_TO_32_BIT_CONVERSION = YES;
				GCC_WARN_ABOUT_RETURN_TYPE = YES_ERROR;
				GCC_WARN_UNDECLARED_SELECTOR = YES;
				GCC_WARN_UNINITIALIZED_AUTOS = YES_AGGRESSIVE;
				GCC_WARN_UNUSED_FUNCTION = YES;
				GCC_WARN_UNUSED_VARIABLE = YES;
				IPHONEOS_DEPLOYMENT_TARGET = 10.0;
				MTL_ENABLE_DEBUG_INFO = NO;
				SDKROOT = iphoneos;
				SWIFT_OPTIMIZATION_LEVEL = "-Owholemodule";
				TARGETED_DEVICE_FAMILY = "1,2";
				VALIDATE_PRODUCT = YES;
			};
			name = Release;
		};
		155D93601DC89E2F00D3A72B /* Debug */ = {
			isa = XCBuildConfiguration;
			buildSettings = {
				ASSETCATALOG_COMPILER_APPICON_NAME = AppIcon;
				ASSETCATALOG_COMPILER_LAUNCHIMAGE_NAME = LaunchImage;
				DEVELOPMENT_TEAM = 239YVJ9C8H;
				INFOPLIST_FILE = LYQdyzb/Info.plist;
				IPHONEOS_DEPLOYMENT_TARGET = 8.0;
				LD_RUNPATH_SEARCH_PATHS = "$(inherited) @executable_path/Frameworks";
				PRODUCT_BUNDLE_IDENTIFIER = lyqdyzb.LYQdyzb;
				PRODUCT_NAME = "$(TARGET_NAME)";
				SWIFT_VERSION = 3.0;
			};
			name = Debug;
		};
		155D93611DC89E2F00D3A72B /* Release */ = {
			isa = XCBuildConfiguration;
			buildSettings = {
				ASSETCATALOG_COMPILER_APPICON_NAME = AppIcon;
				ASSETCATALOG_COMPILER_LAUNCHIMAGE_NAME = LaunchImage;
				DEVELOPMENT_TEAM = 239YVJ9C8H;
				INFOPLIST_FILE = LYQdyzb/Info.plist;
				IPHONEOS_DEPLOYMENT_TARGET = 8.0;
				LD_RUNPATH_SEARCH_PATHS = "$(inherited) @executable_path/Frameworks";
				PRODUCT_BUNDLE_IDENTIFIER = lyqdyzb.LYQdyzb;
				PRODUCT_NAME = "$(TARGET_NAME)";
				SWIFT_VERSION = 3.0;
			};
			name = Release;
		};
/* End XCBuildConfiguration section */

/* Begin XCConfigurationList section */
		155D93481DC89E2E00D3A72B /* Build configuration list for PBXProject "LYQdyzb" */ = {
			isa = XCConfigurationList;
			buildConfigurations = (
				155D935D1DC89E2F00D3A72B /* Debug */,
				155D935E1DC89E2F00D3A72B /* Release */,
			);
			defaultConfigurationIsVisible = 0;
			defaultConfigurationName = Release;
		};
		155D935F1DC89E2F00D3A72B /* Build configuration list for PBXNativeTarget "LYQdyzb" */ = {
			isa = XCConfigurationList;
			buildConfigurations = (
				155D93601DC89E2F00D3A72B /* Debug */,
				155D93611DC89E2F00D3A72B /* Release */,
			);
			defaultConfigurationIsVisible = 0;
			defaultConfigurationName = Release;
		};
/* End XCConfigurationList section */
	};
	rootObject = 155D93451DC89E2E00D3A72B /* Project object */;
}
